
Microsoft Visual Studio Solution File, Format Version 12.00
# Visual Studio Version 17
VisualStudioVersion = 17.4.33110.190
MinimumVisualStudioVersion = 10.0.40219.1
Project("{FAE04EC0-301F-11D3-BF4B-00C04F79EFBC}") = "ConsoleApp", "ConsoleApp\ConsoleApp.csproj", "{EDED5DDB-4A91-4FB3-8154-56452D0343E3}"
EndProject
Project("{FAE04EC0-301F-11D3-BF4B-00C04F79EFBC}") = "Models", "Models\Models.csproj", "{C4DA8D07-D485-4278-A33A-4970C679996F}"
EndProject
Project("{FAE04EC0-301F-11D3-BF4B-00C04F79EFBC}") = "DAL", "DAL\DAL.csproj", "{8ABDFED0-D95D-4D28-99D1-CE74CF17057A}"
EndProject
Global
	GlobalSection(SolutionConfigurationPlatforms) = preSolution
		Debug|Any CPU = Debug|Any CPU
		Release|Any CPU = Release|Any CPU
	EndGlobalSection
	GlobalSection(ProjectConfigurationPlatforms) = postSolution
		{EDED5DDB-4A91-4FB3-8154-56452D0343E3}.Debug|Any CPU.ActiveCfg = Debug|Any CPU
		{EDED5DDB-4A91-4FB3-8154-56452D0343E3}.Debug|Any CPU.Build.0 = Debug|Any CPU
		{EDED5DDB-4A91-4FB3-8154-56452D0343E3}.Release|Any CPU.ActiveCfg = Release|Any CPU
		{EDED5DDB-4A91-4FB3-8154-56452D0343E3}.Release|Any CPU.Build.0 = Release|Any CPU
		{C4DA8D07-D485-4278-A33A-4970C679996F}.Debug|Any CPU.ActiveCfg = Debug|Any CPU
		{C4DA8D07-D485-4278-A33A-4970C679996F}.Debug|Any CPU.Build.0 = Debug|Any CPU
		{C4DA8D07-D485-4278-A33A-4970C679996F}.Release|Any CPU.ActiveCfg = Release|Any CPU
		{C4DA8D07-D485-4278-A33A-4970C679996F}.Release|Any CPU.Build.0 = Release|Any CPU
		{8ABDFED0-D95D-4D28-99D1-CE74CF17057A}.Debug|Any CPU.ActiveCfg = Debug|Any CPU
		{8ABDFED0-D95D-4D28-99D1-CE74CF17057A}.Debug|Any CPU.Build.0 = Debug|Any CPU
		{8ABDFED0-D95D-4D28-99D1-CE74CF17057A}.Release|Any CPU.ActiveCfg = Release|Any CPU
		{8ABDFED0-D95D-4D28-99D1-CE74CF17057A}.Release|Any CPU.Build.0 = Release|Any CPU
	EndGlobalSection
	GlobalSection(SolutionProperties) = preSolution
		HideSolutionNode = FALSE
	EndGlobalSection
	GlobalSection(ExtensibilityGlobals) = postSolution
		SolutionGuid = {5CADD82E-F65D-4C0B-99F9-4FB33F451825}
	EndGlobalSection
EndGlobal
